
Microsoft Visual Studio Solution File, Format Version 12.00
# Visual Studio Version 17
VisualStudioVersion = 17.13.35806.99 d17.13
MinimumVisualStudioVersion = 10.0.40219.1
Project("{FAE04EC0-301F-11D3-BF4B-00C04F79EFBC}") = "teorie7", "teorie7\teorie7.csproj", "{D2841425-4993-46D0-94ED-BA86FB8E08A9}"
EndProject
Global
	GlobalSection(SolutionConfigurationPlatforms) = preSolution
		Debug|Any CPU = Debug|Any CPU
		Release|Any CPU = Release|Any CPU
	EndGlobalSection
	GlobalSection(ProjectConfigurationPlatforms) = postSolution
		{D2841425-4993-46D0-94ED-BA86FB8E08A9}.Debug|Any CPU.ActiveCfg = Debug|Any CPU
		{D2841425-4993-46D0-94ED-BA86FB8E08A9}.Debug|Any CPU.Build.0 = Debug|Any CPU
		{D2841425-4993-46D0-94ED-BA86FB8E08A9}.Release|Any CPU.ActiveCfg = Release|Any CPU
		{D2841425-4993-46D0-94ED-BA86FB8E08A9}.Release|Any CPU.Build.0 = Release|Any CPU
	EndGlobalSection
	GlobalSection(SolutionProperties) = preSolution
		HideSolutionNode = FALSE
	EndGlobalSection
	GlobalSection(ExtensibilityGlobals) = postSolution
		SolutionGuid = {BE6A1F69-FE04-4033-9B1C-C0B18D7F3952}
	EndGlobalSection
EndGlobal
