
Microsoft Visual Studio Solution File, Format Version 12.00
# Visual Studio Version 17
VisualStudioVersion = 17.13.35806.99 d17.13
MinimumVisualStudioVersion = 10.0.40219.1
Project("{FAE04EC0-301F-11D3-BF4B-00C04F79EFBC}") = "formatarea stringurilor", "formatarea stringurilor\formatarea stringurilor.csproj", "{011FB301-D510-40E1-8EEA-23FCD4BD037D}"
EndProject
Global
	GlobalSection(SolutionConfigurationPlatforms) = preSolution
		Debug|Any CPU = Debug|Any CPU
		Release|Any CPU = Release|Any CPU
	EndGlobalSection
	GlobalSection(ProjectConfigurationPlatforms) = postSolution
		{011FB301-D510-40E1-8EEA-23FCD4BD037D}.Debug|Any CPU.ActiveCfg = Debug|Any CPU
		{011FB301-D510-40E1-8EEA-23FCD4BD037D}.Debug|Any CPU.Build.0 = Debug|Any CPU
		{011FB301-D510-40E1-8EEA-23FCD4BD037D}.Release|Any CPU.ActiveCfg = Release|Any CPU
		{011FB301-D510-40E1-8EEA-23FCD4BD037D}.Release|Any CPU.Build.0 = Release|Any CPU
	EndGlobalSection
	GlobalSection(SolutionProperties) = preSolution
		HideSolutionNode = FALSE
	EndGlobalSection
	GlobalSection(ExtensibilityGlobals) = postSolution
		SolutionGuid = {81B0638B-AB16-4B04-A05C-C1608C066E1F}
	EndGlobalSection
EndGlobal
