
Microsoft Visual Studio Solution File, Format Version 12.00
# Visual Studio Version 17
VisualStudioVersion = 17.13.35806.99 d17.13
MinimumVisualStudioVersion = 10.0.40219.1
Project("{FAE04EC0-301F-11D3-BF4B-00C04F79EFBC}") = "teorie5", "teorie5\teorie5.csproj", "{7058F939-386A-4B75-B9F3-73AB37F1A777}"
EndProject
Global
	GlobalSection(SolutionConfigurationPlatforms) = preSolution
		Debug|Any CPU = Debug|Any CPU
		Release|Any CPU = Release|Any CPU
	EndGlobalSection
	GlobalSection(ProjectConfigurationPlatforms) = postSolution
		{7058F939-386A-4B75-B9F3-73AB37F1A777}.Debug|Any CPU.ActiveCfg = Debug|Any CPU
		{7058F939-386A-4B75-B9F3-73AB37F1A777}.Debug|Any CPU.Build.0 = Debug|Any CPU
		{7058F939-386A-4B75-B9F3-73AB37F1A777}.Release|Any CPU.ActiveCfg = Release|Any CPU
		{7058F939-386A-4B75-B9F3-73AB37F1A777}.Release|Any CPU.Build.0 = Release|Any CPU
	EndGlobalSection
	GlobalSection(SolutionProperties) = preSolution
		HideSolutionNode = FALSE
	EndGlobalSection
	GlobalSection(ExtensibilityGlobals) = postSolution
		SolutionGuid = {DAABBDEC-D02B-4167-A710-4158C3013BAF}
	EndGlobalSection
EndGlobal
