
Microsoft Visual Studio Solution File, Format Version 12.00
# Visual Studio Version 17
VisualStudioVersion = 17.8.34511.84
MinimumVisualStudioVersion = 10.0.40219.1
Project("{FAE04EC0-301F-11D3-BF4B-00C04F79EFBC}") = "WindowsFormsApp1", "WindowsFormsApp1\WindowsFormsApp1.csproj", "{03C7BE1C-4A9A-49AE-84D8-79AAA7EC3D53}"
EndProject
Global
	GlobalSection(SolutionConfigurationPlatforms) = preSolution
		Debug|Any CPU = Debug|Any CPU
		Release|Any CPU = Release|Any CPU
	EndGlobalSection
	GlobalSection(ProjectConfigurationPlatforms) = postSolution
		{03C7BE1C-4A9A-49AE-84D8-79AAA7EC3D53}.Debug|Any CPU.ActiveCfg = Debug|Any CPU
		{03C7BE1C-4A9A-49AE-84D8-79AAA7EC3D53}.Debug|Any CPU.Build.0 = Debug|Any CPU
		{03C7BE1C-4A9A-49AE-84D8-79AAA7EC3D53}.Release|Any CPU.ActiveCfg = Release|Any CPU
		{03C7BE1C-4A9A-49AE-84D8-79AAA7EC3D53}.Release|Any CPU.Build.0 = Release|Any CPU
	EndGlobalSection
	GlobalSection(SolutionProperties) = preSolution
		HideSolutionNode = FALSE
	EndGlobalSection
	GlobalSection(ExtensibilityGlobals) = postSolution
		SolutionGuid = {8E9CC04A-728A-47C1-BD7F-9731A8E745F4}
	EndGlobalSection
EndGlobal
