
Microsoft Visual Studio Solution File, Format Version 12.00
# Visual Studio Version 17
VisualStudioVersion = 17.13.35806.99 d17.13
MinimumVisualStudioVersion = 10.0.40219.1
Project("{FAE04EC0-301F-11D3-BF4B-00C04F79EFBC}") = "lab6", "lab6\lab6.csproj", "{016ED169-E4C7-400C-B2F7-DFEF22C9826A}"
EndProject
Global
	GlobalSection(SolutionConfigurationPlatforms) = preSolution
		Debug|Any CPU = Debug|Any CPU
		Release|Any CPU = Release|Any CPU
	EndGlobalSection
	GlobalSection(ProjectConfigurationPlatforms) = postSolution
		{016ED169-E4C7-400C-B2F7-DFEF22C9826A}.Debug|Any CPU.ActiveCfg = Debug|Any CPU
		{016ED169-E4C7-400C-B2F7-DFEF22C9826A}.Debug|Any CPU.Build.0 = Debug|Any CPU
		{016ED169-E4C7-400C-B2F7-DFEF22C9826A}.Release|Any CPU.ActiveCfg = Release|Any CPU
		{016ED169-E4C7-400C-B2F7-DFEF22C9826A}.Release|Any CPU.Build.0 = Release|Any CPU
	EndGlobalSection
	GlobalSection(SolutionProperties) = preSolution
		HideSolutionNode = FALSE
	EndGlobalSection
	GlobalSection(ExtensibilityGlobals) = postSolution
		SolutionGuid = {2964658D-5B4C-469C-84FF-C57B0B20D516}
	EndGlobalSection
EndGlobal
