
Microsoft Visual Studio Solution File, Format Version 12.00
# Visual Studio Version 17
VisualStudioVersion = 17.13.35806.99 d17.13
MinimumVisualStudioVersion = 10.0.40219.1
Project("{FAE04EC0-301F-11D3-BF4B-00C04F79EFBC}") = "lab7", "lab7\lab7.csproj", "{77A07CD5-0156-4AAF-891B-C85BBB4FEBD3}"
EndProject
Global
	GlobalSection(SolutionConfigurationPlatforms) = preSolution
		Debug|Any CPU = Debug|Any CPU
		Release|Any CPU = Release|Any CPU
	EndGlobalSection
	GlobalSection(ProjectConfigurationPlatforms) = postSolution
		{77A07CD5-0156-4AAF-891B-C85BBB4FEBD3}.Debug|Any CPU.ActiveCfg = Debug|Any CPU
		{77A07CD5-0156-4AAF-891B-C85BBB4FEBD3}.Debug|Any CPU.Build.0 = Debug|Any CPU
		{77A07CD5-0156-4AAF-891B-C85BBB4FEBD3}.Release|Any CPU.ActiveCfg = Release|Any CPU
		{77A07CD5-0156-4AAF-891B-C85BBB4FEBD3}.Release|Any CPU.Build.0 = Release|Any CPU
	EndGlobalSection
	GlobalSection(SolutionProperties) = preSolution
		HideSolutionNode = FALSE
	EndGlobalSection
	GlobalSection(ExtensibilityGlobals) = postSolution
		SolutionGuid = {761EF2F4-CC79-4DDB-A54B-98EBE81F9AE8}
	EndGlobalSection
EndGlobal
